
Microsoft Visual Studio Solution File, Format Version 12.00
# Visual Studio Version 16
VisualStudioVersion = 16.0.29424.173
MinimumVisualStudioVersion = 10.0.40219.1
Project("{FAE04EC0-301F-11D3-BF4B-00C04F79EFBC}") = "FindNthRoot (Корень n-Степени методом Ньютона)", "FindNthRoot (Корень n-Степени методом Ньютона)\FindNthRoot (Корень n-Степени методом Ньютона).csproj", "{1A6E6ABF-EB1D-4170-9EC0-D81164DC2BFA}"
EndProject
Project("{FAE04EC0-301F-11D3-BF4B-00C04F79EFBC}") = "Strategy. Метод пузырьковой сортировки", "Strategy. Метод пузырьковой сортировки\Strategy. Метод пузырьковой сортировки.csproj", "{D54ECB4A-324C-4D7D-B8D4-22F8D6578BA4}"
EndProject
Global
	GlobalSection(SolutionConfigurationPlatforms) = preSolution
		Debug|Any CPU = Debug|Any CPU
		Release|Any CPU = Release|Any CPU
	EndGlobalSection
	GlobalSection(ProjectConfigurationPlatforms) = postSolution
		{1A6E6ABF-EB1D-4170-9EC0-D81164DC2BFA}.Debug|Any CPU.ActiveCfg = Debug|Any CPU
		{1A6E6ABF-EB1D-4170-9EC0-D81164DC2BFA}.Debug|Any CPU.Build.0 = Debug|Any CPU
		{1A6E6ABF-EB1D-4170-9EC0-D81164DC2BFA}.Release|Any CPU.ActiveCfg = Release|Any CPU
		{1A6E6ABF-EB1D-4170-9EC0-D81164DC2BFA}.Release|Any CPU.Build.0 = Release|Any CPU
		{D54ECB4A-324C-4D7D-B8D4-22F8D6578BA4}.Debug|Any CPU.ActiveCfg = Debug|Any CPU
		{D54ECB4A-324C-4D7D-B8D4-22F8D6578BA4}.Debug|Any CPU.Build.0 = Debug|Any CPU
		{D54ECB4A-324C-4D7D-B8D4-22F8D6578BA4}.Release|Any CPU.ActiveCfg = Release|Any CPU
		{D54ECB4A-324C-4D7D-B8D4-22F8D6578BA4}.Release|Any CPU.Build.0 = Release|Any CPU
	EndGlobalSection
	GlobalSection(SolutionProperties) = preSolution
		HideSolutionNode = FALSE
	EndGlobalSection
	GlobalSection(ExtensibilityGlobals) = postSolution
		SolutionGuid = {E3A11AB3-9EE0-4BB6-92E5-13AD8F174B7E}
	EndGlobalSection
EndGlobal
